
Microsoft Visual Studio Solution File, Format Version 10.00
# Visual C# Express 2008
Project("{FAE04EC0-301F-11D3-BF4B-00C04F79EFBC}") = "InstallationDirCreator", "InstallationDirCreator.csproj", "{EA75DC0F-EC61-4D95-A058-BFBCF9A2DED7}"
EndProject
Global
	GlobalSection(SolutionConfigurationPlatforms) = preSolution
		Debug|Any CPU = Debug|Any CPU
		Release|Any CPU = Release|Any CPU
	EndGlobalSection
	GlobalSection(ProjectConfigurationPlatforms) = postSolution
		{EA75DC0F-EC61-4D95-A058-BFBCF9A2DED7}.Debug|Any CPU.ActiveCfg = Debug|Any CPU
		{EA75DC0F-EC61-4D95-A058-BFBCF9A2DED7}.Debug|Any CPU.Build.0 = Debug|Any CPU
		{EA75DC0F-EC61-4D95-A058-BFBCF9A2DED7}.Release|Any CPU.ActiveCfg = Release|Any CPU
		{EA75DC0F-EC61-4D95-A058-BFBCF9A2DED7}.Release|Any CPU.Build.0 = Release|Any CPU
	EndGlobalSection
	GlobalSection(SolutionProperties) = preSolution
		HideSolutionNode = FALSE
	EndGlobalSection
EndGlobal
